
Microsoft Visual Studio Solution File, Format Version 12.00
# Visual Studio Version 16
VisualStudioVersion = 16.0.31205.134
MinimumVisualStudioVersion = 10.0.40219.1
Project("{2150E333-8FDC-42A3-9474-1A3956D46DE8}") = "Services", "Services", "{4A58CC12-55BC-4F07-8BD8-95CB40D0B76C}"
EndProject
Project("{2150E333-8FDC-42A3-9474-1A3956D46DE8}") = "Catalog", "Catalog", "{8F18F960-CA90-4C50-BCB6-963EF1352ECC}"
EndProject
Project("{FAE04EC0-301F-11D3-BF4B-00C04F79EFBC}") = "Catalog.API", "Services\Catalog\Catalog.API\Catalog.API.csproj", "{56CA249F-56FC-4A01-B5D9-43444660550C}"
EndProject
Global
	GlobalSection(SolutionConfigurationPlatforms) = preSolution
		Debug|Any CPU = Debug|Any CPU
		Release|Any CPU = Release|Any CPU
	EndGlobalSection
	GlobalSection(ProjectConfigurationPlatforms) = postSolution
		{56CA249F-56FC-4A01-B5D9-43444660550C}.Debug|Any CPU.ActiveCfg = Debug|Any CPU
		{56CA249F-56FC-4A01-B5D9-43444660550C}.Debug|Any CPU.Build.0 = Debug|Any CPU
		{56CA249F-56FC-4A01-B5D9-43444660550C}.Release|Any CPU.ActiveCfg = Release|Any CPU
		{56CA249F-56FC-4A01-B5D9-43444660550C}.Release|Any CPU.Build.0 = Release|Any CPU
	EndGlobalSection
	GlobalSection(SolutionProperties) = preSolution
		HideSolutionNode = FALSE
	EndGlobalSection
	GlobalSection(NestedProjects) = preSolution
		{8F18F960-CA90-4C50-BCB6-963EF1352ECC} = {4A58CC12-55BC-4F07-8BD8-95CB40D0B76C}
		{56CA249F-56FC-4A01-B5D9-43444660550C} = {8F18F960-CA90-4C50-BCB6-963EF1352ECC}
	EndGlobalSection
	GlobalSection(ExtensibilityGlobals) = postSolution
		SolutionGuid = {07098275-17BB-4470-90D4-4B37A7CA0245}
	EndGlobalSection
EndGlobal
